Microsoft Visual Studio Solution File, Format Version 11.00
# Visual Studio 2008

Project("{A1A856F9-15D5-AD14-6DFF-75D070ED9143}") = "abstract_test", "Assembly-CSharp.csproj", "{18121319-8EA1-7A10-82E7-083D82774106}"
EndProject
Global
	GlobalSection(SolutionConfigurationPlatforms) = preSolution
		Debug|Any CPU = Debug|Any CPU
		Release|Any CPU = Release|Any CPU
	EndGlobalSection
	GlobalSection(ProjectConfigurationPlatforms) = postSolution
		{18121319-8EA1-7A10-82E7-083D82774106}.Debug|Any CPU.ActiveCfg = Debug|Any CPU
		{18121319-8EA1-7A10-82E7-083D82774106}.Debug|Any CPU.Build.0 = Debug|Any CPU
		{18121319-8EA1-7A10-82E7-083D82774106}.Release|Any CPU.ActiveCfg = Release|Any CPU
		{18121319-8EA1-7A10-82E7-083D82774106}.Release|Any CPU.Build.0 = Release|Any CPU
	EndGlobalSection
	GlobalSection(SolutionProperties) = preSolution
		HideSolutionNode = FALSE
	EndGlobalSection
	GlobalSection(MonoDevelopProperties) = preSolution
		StartupItem = Assembly-CSharp.csproj
	EndGlobalSection
EndGlobal
